
Microsoft Visual Studio Solution File, Format Version 12.00
# Visual Studio Version 17
VisualStudioVersion = 17.0.31903.59
MinimumVisualStudioVersion = 10.0.40219.1
Project("{2150E333-8FDC-42A3-9474-1A3956D46DE8}") = "src", "src", "{827E0CD3-B72D-47B6-A68D-7590B98EB39B}"
EndProject
Project("{2150E333-8FDC-42A3-9474-1A3956D46DE8}") = "BuildingBlocks", "BuildingBlocks", "{90298CBA-BD6F-3A0A-69D5-97CAD7B05E7E}"
EndProject
Project("{2150E333-8FDC-42A3-9474-1A3956D46DE8}") = "SharedKernel", "SharedKernel", "{29198B4F-BA60-D483-6723-7BD064451595}"
EndProject
Project("{FAE04EC0-301F-11D3-BF4B-00C04F79EFBC}") = "CoreAxis.SharedKernel", "src\BuildingBlocks\SharedKernel\CoreAxis.SharedKernel\CoreAxis.SharedKernel.csproj", "{C8EFBD4A-F1B0-4AF5-A323-CFA7C13C0F3C}"
EndProject
Project("{FAE04EC0-301F-11D3-BF4B-00C04F79EFBC}") = "CoreAxis.BuildingBlocks", "src\BuildingBlocks\BuildingBlocks\CoreAxis.BuildingBlocks\CoreAxis.BuildingBlocks.csproj", "{75A292F1-C2F4-400E-A984-02FACF80352E}"
EndProject
Project("{FAE04EC0-301F-11D3-BF4B-00C04F79EFBC}") = "CoreAxis.Infrastructure", "src\Infrastructure\CoreAxis.Infrastructure\CoreAxis.Infrastructure.csproj", "{169CEA86-18EA-4090-AFF9-A837E65CE9BA}"
EndProject
Project("{FAE04EC0-301F-11D3-BF4B-00C04F79EFBC}") = "CoreAxis.EventBus", "src\EventBus\CoreAxis.EventBus\CoreAxis.EventBus.csproj", "{C4881352-DC2E-4258-B702-E3C0B073FCCA}"
EndProject
Project("{FAE04EC0-301F-11D3-BF4B-00C04F79EFBC}") = "CoreAxis.ApiGateway", "src\ApiGateway\CoreAxis.ApiGateway\CoreAxis.ApiGateway.csproj", "{7C007D49-C551-45F5-996E-106C422CCC82}"
EndProject
Project("{FAE04EC0-301F-11D3-BF4B-00C04F79EFBC}") = "CoreAxis.Tests", "Tests\CoreAxis.Tests\CoreAxis.Tests.csproj", "{9668A656-BDFD-4447-A2FD-B62AD0D3B368}"
EndProject
Project("{2150E333-8FDC-42A3-9474-1A3956D46DE8}") = "Modules", "Modules", "{EC447DCF-ABFA-6E24-52A5-D7FD48A5C558}"
EndProject
Project("{2150E333-8FDC-42A3-9474-1A3956D46DE8}") = "DemoModule", "DemoModule", "{D1CD33B3-D4F2-F9A0-BD4D-17E6B1FCE9BC}"
EndProject
Project("{2150E333-8FDC-42A3-9474-1A3956D46DE8}") = "Domain", "Domain", "{65B650AC-CA65-082F-2D97-1FCFD82A512C}"
EndProject
Project("{FAE04EC0-301F-11D3-BF4B-00C04F79EFBC}") = "CoreAxis.Modules.DemoModule.Domain", "src\Modules\DemoModule\Domain\CoreAxis.Modules.DemoModule.Domain\CoreAxis.Modules.DemoModule.Domain.csproj", "{EA3F0DD8-8A08-4848-AB93-F8497E8A605B}"
EndProject
Project("{FAE04EC0-301F-11D3-BF4B-00C04F79EFBC}") = "CoreAxis.Modules.DemoModule.Application", "src\Modules\DemoModule\Application\CoreAxis.Modules.DemoModule.Application\CoreAxis.Modules.DemoModule.Application.csproj", "{A9389BF4-E8A0-4039-BF78-88180D772178}"
EndProject
Project("{FAE04EC0-301F-11D3-BF4B-00C04F79EFBC}") = "CoreAxis.Modules.DemoModule.Infrastructure", "src\Modules\DemoModule\Infrastructure\CoreAxis.Modules.DemoModule.Infrastructure\CoreAxis.Modules.DemoModule.Infrastructure.csproj", "{C4436B6E-4168-402E-856F-084BB424AC5A}"
EndProject
Project("{FAE04EC0-301F-11D3-BF4B-00C04F79EFBC}") = "CoreAxis.Modules.DemoModule.API", "src\Modules\DemoModule\API\CoreAxis.Modules.DemoModule.API\CoreAxis.Modules.DemoModule.API.csproj", "{54955975-6535-47F6-8624-A3D9F761E9B4}"
EndProject
Global
	GlobalSection(SolutionConfigurationPlatforms) = preSolution
		Debug|Any CPU = Debug|Any CPU
		Debug|x64 = Debug|x64
		Debug|x86 = Debug|x86
		Release|Any CPU = Release|Any CPU
		Release|x64 = Release|x64
		Release|x86 = Release|x86
	EndGlobalSection
	GlobalSection(ProjectConfigurationPlatforms) = postSolution
		{C8EFBD4A-F1B0-4AF5-A323-CFA7C13C0F3C}.Debug|Any CPU.ActiveCfg = Debug|Any CPU
		{C8EFBD4A-F1B0-4AF5-A323-CFA7C13C0F3C}.Debug|Any CPU.Build.0 = Debug|Any CPU
		{C8EFBD4A-F1B0-4AF5-A323-CFA7C13C0F3C}.Debug|x64.ActiveCfg = Debug|Any CPU
		{C8EFBD4A-F1B0-4AF5-A323-CFA7C13C0F3C}.Debug|x64.Build.0 = Debug|Any CPU
		{C8EFBD4A-F1B0-4AF5-A323-CFA7C13C0F3C}.Debug|x86.ActiveCfg = Debug|Any CPU
		{C8EFBD4A-F1B0-4AF5-A323-CFA7C13C0F3C}.Debug|x86.Build.0 = Debug|Any CPU
		{C8EFBD4A-F1B0-4AF5-A323-CFA7C13C0F3C}.Release|Any CPU.ActiveCfg = Release|Any CPU
		{C8EFBD4A-F1B0-4AF5-A323-CFA7C13C0F3C}.Release|Any CPU.Build.0 = Release|Any CPU
		{C8EFBD4A-F1B0-4AF5-A323-CFA7C13C0F3C}.Release|x64.ActiveCfg = Release|Any CPU
		{C8EFBD4A-F1B0-4AF5-A323-CFA7C13C0F3C}.Release|x64.Build.0 = Release|Any CPU
		{C8EFBD4A-F1B0-4AF5-A323-CFA7C13C0F3C}.Release|x86.ActiveCfg = Release|Any CPU
		{C8EFBD4A-F1B0-4AF5-A323-CFA7C13C0F3C}.Release|x86.Build.0 = Release|Any CPU
		{75A292F1-C2F4-400E-A984-02FACF80352E}.Debug|Any CPU.ActiveCfg = Debug|Any CPU
		{75A292F1-C2F4-400E-A984-02FACF80352E}.Debug|Any CPU.Build.0 = Debug|Any CPU
		{75A292F1-C2F4-400E-A984-02FACF80352E}.Debug|x64.ActiveCfg = Debug|Any CPU
		{75A292F1-C2F4-400E-A984-02FACF80352E}.Debug|x64.Build.0 = Debug|Any CPU
		{75A292F1-C2F4-400E-A984-02FACF80352E}.Debug|x86.ActiveCfg = Debug|Any CPU
		{75A292F1-C2F4-400E-A984-02FACF80352E}.Debug|x86.Build.0 = Debug|Any CPU
		{75A292F1-C2F4-400E-A984-02FACF80352E}.Release|Any CPU.ActiveCfg = Release|Any CPU
		{75A292F1-C2F4-400E-A984-02FACF80352E}.Release|Any CPU.Build.0 = Release|Any CPU
		{75A292F1-C2F4-400E-A984-02FACF80352E}.Release|x64.ActiveCfg = Release|Any CPU
		{75A292F1-C2F4-400E-A984-02FACF80352E}.Release|x64.Build.0 = Release|Any CPU
		{75A292F1-C2F4-400E-A984-02FACF80352E}.Release|x86.ActiveCfg = Release|Any CPU
		{75A292F1-C2F4-400E-A984-02FACF80352E}.Release|x86.Build.0 = Release|Any CPU
		{169CEA86-18EA-4090-AFF9-A837E65CE9BA}.Debug|Any CPU.ActiveCfg = Debug|Any CPU
		{169CEA86-18EA-4090-AFF9-A837E65CE9BA}.Debug|Any CPU.Build.0 = Debug|Any CPU
		{169CEA86-18EA-4090-AFF9-A837E65CE9BA}.Debug|x64.ActiveCfg = Debug|Any CPU
		{169CEA86-18EA-4090-AFF9-A837E65CE9BA}.Debug|x64.Build.0 = Debug|Any CPU
		{169CEA86-18EA-4090-AFF9-A837E65CE9BA}.Debug|x86.ActiveCfg = Debug|Any CPU
		{169CEA86-18EA-4090-AFF9-A837E65CE9BA}.Debug|x86.Build.0 = Debug|Any CPU
		{169CEA86-18EA-4090-AFF9-A837E65CE9BA}.Release|Any CPU.ActiveCfg = Release|Any CPU
		{169CEA86-18EA-4090-AFF9-A837E65CE9BA}.Release|Any CPU.Build.0 = Release|Any CPU
		{169CEA86-18EA-4090-AFF9-A837E65CE9BA}.Release|x64.ActiveCfg = Release|Any CPU
		{169CEA86-18EA-4090-AFF9-A837E65CE9BA}.Release|x64.Build.0 = Release|Any CPU
		{169CEA86-18EA-4090-AFF9-A837E65CE9BA}.Release|x86.ActiveCfg = Release|Any CPU
		{169CEA86-18EA-4090-AFF9-A837E65CE9BA}.Release|x86.Build.0 = Release|Any CPU
		{C4881352-DC2E-4258-B702-E3C0B073FCCA}.Debug|Any CPU.ActiveCfg = Debug|Any CPU
		{C4881352-DC2E-4258-B702-E3C0B073FCCA}.Debug|Any CPU.Build.0 = Debug|Any CPU
		{C4881352-DC2E-4258-B702-E3C0B073FCCA}.Debug|x64.ActiveCfg = Debug|Any CPU
		{C4881352-DC2E-4258-B702-E3C0B073FCCA}.Debug|x64.Build.0 = Debug|Any CPU
		{C4881352-DC2E-4258-B702-E3C0B073FCCA}.Debug|x86.ActiveCfg = Debug|Any CPU
		{C4881352-DC2E-4258-B702-E3C0B073FCCA}.Debug|x86.Build.0 = Debug|Any CPU
		{C4881352-DC2E-4258-B702-E3C0B073FCCA}.Release|Any CPU.ActiveCfg = Release|Any CPU
		{C4881352-DC2E-4258-B702-E3C0B073FCCA}.Release|Any CPU.Build.0 = Release|Any CPU
		{C4881352-DC2E-4258-B702-E3C0B073FCCA}.Release|x64.ActiveCfg = Release|Any CPU
		{C4881352-DC2E-4258-B702-E3C0B073FCCA}.Release|x64.Build.0 = Release|Any CPU
		{C4881352-DC2E-4258-B702-E3C0B073FCCA}.Release|x86.ActiveCfg = Release|Any CPU
		{C4881352-DC2E-4258-B702-E3C0B073FCCA}.Release|x86.Build.0 = Release|Any CPU
		{7C007D49-C551-45F5-996E-106C422CCC82}.Debug|Any CPU.ActiveCfg = Debug|Any CPU
		{7C007D49-C551-45F5-996E-106C422CCC82}.Debug|Any CPU.Build.0 = Debug|Any CPU
		{7C007D49-C551-45F5-996E-106C422CCC82}.Debug|x64.ActiveCfg = Debug|Any CPU
		{7C007D49-C551-45F5-996E-106C422CCC82}.Debug|x64.Build.0 = Debug|Any CPU
		{7C007D49-C551-45F5-996E-106C422CCC82}.Debug|x86.ActiveCfg = Debug|Any CPU
		{7C007D49-C551-45F5-996E-106C422CCC82}.Debug|x86.Build.0 = Debug|Any CPU
		{7C007D49-C551-45F5-996E-106C422CCC82}.Release|Any CPU.ActiveCfg = Release|Any CPU
		{7C007D49-C551-45F5-996E-106C422CCC82}.Release|Any CPU.Build.0 = Release|Any CPU
		{7C007D49-C551-45F5-996E-106C422CCC82}.Release|x64.ActiveCfg = Release|Any CPU
		{7C007D49-C551-45F5-996E-106C422CCC82}.Release|x64.Build.0 = Release|Any CPU
		{7C007D49-C551-45F5-996E-106C422CCC82}.Release|x86.ActiveCfg = Release|Any CPU
		{7C007D49-C551-45F5-996E-106C422CCC82}.Release|x86.Build.0 = Release|Any CPU
		{9668A656-BDFD-4447-A2FD-B62AD0D3B368}.Debug|Any CPU.ActiveCfg = Debug|Any CPU
		{9668A656-BDFD-4447-A2FD-B62AD0D3B368}.Debug|Any CPU.Build.0 = Debug|Any CPU
		{9668A656-BDFD-4447-A2FD-B62AD0D3B368}.Debug|x64.ActiveCfg = Debug|Any CPU
		{9668A656-BDFD-4447-A2FD-B62AD0D3B368}.Debug|x64.Build.0 = Debug|Any CPU
		{9668A656-BDFD-4447-A2FD-B62AD0D3B368}.Debug|x86.ActiveCfg = Debug|Any CPU
		{9668A656-BDFD-4447-A2FD-B62AD0D3B368}.Debug|x86.Build.0 = Debug|Any CPU
		{9668A656-BDFD-4447-A2FD-B62AD0D3B368}.Release|Any CPU.ActiveCfg = Release|Any CPU
		{9668A656-BDFD-4447-A2FD-B62AD0D3B368}.Release|Any CPU.Build.0 = Release|Any CPU
		{9668A656-BDFD-4447-A2FD-B62AD0D3B368}.Release|x64.ActiveCfg = Release|Any CPU
		{9668A656-BDFD-4447-A2FD-B62AD0D3B368}.Release|x64.Build.0 = Release|Any CPU
		{9668A656-BDFD-4447-A2FD-B62AD0D3B368}.Release|x86.ActiveCfg = Release|Any CPU
		{9668A656-BDFD-4447-A2FD-B62AD0D3B368}.Release|x86.Build.0 = Release|Any CPU
		{EA3F0DD8-8A08-4848-AB93-F8497E8A605B}.Debug|Any CPU.ActiveCfg = Debug|Any CPU
		{EA3F0DD8-8A08-4848-AB93-F8497E8A605B}.Debug|Any CPU.Build.0 = Debug|Any CPU
		{EA3F0DD8-8A08-4848-AB93-F8497E8A605B}.Debug|x64.ActiveCfg = Debug|Any CPU
		{EA3F0DD8-8A08-4848-AB93-F8497E8A605B}.Debug|x64.Build.0 = Debug|Any CPU
		{EA3F0DD8-8A08-4848-AB93-F8497E8A605B}.Debug|x86.ActiveCfg = Debug|Any CPU
		{EA3F0DD8-8A08-4848-AB93-F8497E8A605B}.Debug|x86.Build.0 = Debug|Any CPU
		{EA3F0DD8-8A08-4848-AB93-F8497E8A605B}.Release|Any CPU.ActiveCfg = Release|Any CPU
		{EA3F0DD8-8A08-4848-AB93-F8497E8A605B}.Release|Any CPU.Build.0 = Release|Any CPU
		{EA3F0DD8-8A08-4848-AB93-F8497E8A605B}.Release|x64.ActiveCfg = Release|Any CPU
		{EA3F0DD8-8A08-4848-AB93-F8497E8A605B}.Release|x64.Build.0 = Release|Any CPU
		{EA3F0DD8-8A08-4848-AB93-F8497E8A605B}.Release|x86.ActiveCfg = Release|Any CPU
		{EA3F0DD8-8A08-4848-AB93-F8497E8A605B}.Release|x86.Build.0 = Release|Any CPU
		{A9389BF4-E8A0-4039-BF78-88180D772178}.Debug|Any CPU.ActiveCfg = Debug|Any CPU
		{A9389BF4-E8A0-4039-BF78-88180D772178}.Debug|Any CPU.Build.0 = Debug|Any CPU
		{A9389BF4-E8A0-4039-BF78-88180D772178}.Debug|x64.ActiveCfg = Debug|Any CPU
		{A9389BF4-E8A0-4039-BF78-88180D772178}.Debug|x64.Build.0 = Debug|Any CPU
		{A9389BF4-E8A0-4039-BF78-88180D772178}.Debug|x86.ActiveCfg = Debug|Any CPU
		{A9389BF4-E8A0-4039-BF78-88180D772178}.Debug|x86.Build.0 = Debug|Any CPU
		{A9389BF4-E8A0-4039-BF78-88180D772178}.Release|Any CPU.ActiveCfg = Release|Any CPU
		{A9389BF4-E8A0-4039-BF78-88180D772178}.Release|Any CPU.Build.0 = Release|Any CPU
		{A9389BF4-E8A0-4039-BF78-88180D772178}.Release|x64.ActiveCfg = Release|Any CPU
		{A9389BF4-E8A0-4039-BF78-88180D772178}.Release|x64.Build.0 = Release|Any CPU
		{A9389BF4-E8A0-4039-BF78-88180D772178}.Release|x86.ActiveCfg = Release|Any CPU
		{A9389BF4-E8A0-4039-BF78-88180D772178}.Release|x86.Build.0 = Release|Any CPU
		{C4436B6E-4168-402E-856F-084BB424AC5A}.Debug|Any CPU.ActiveCfg = Debug|Any CPU
		{C4436B6E-4168-402E-856F-084BB424AC5A}.Debug|Any CPU.Build.0 = Debug|Any CPU
		{C4436B6E-4168-402E-856F-084BB424AC5A}.Debug|x64.ActiveCfg = Debug|Any CPU
		{C4436B6E-4168-402E-856F-084BB424AC5A}.Debug|x64.Build.0 = Debug|Any CPU
		{C4436B6E-4168-402E-856F-084BB424AC5A}.Debug|x86.ActiveCfg = Debug|Any CPU
		{C4436B6E-4168-402E-856F-084BB424AC5A}.Debug|x86.Build.0 = Debug|Any CPU
		{C4436B6E-4168-402E-856F-084BB424AC5A}.Release|Any CPU.ActiveCfg = Release|Any CPU
		{C4436B6E-4168-402E-856F-084BB424AC5A}.Release|Any CPU.Build.0 = Release|Any CPU
		{C4436B6E-4168-402E-856F-084BB424AC5A}.Release|x64.ActiveCfg = Release|Any CPU
		{C4436B6E-4168-402E-856F-084BB424AC5A}.Release|x64.Build.0 = Release|Any CPU
		{C4436B6E-4168-402E-856F-084BB424AC5A}.Release|x86.ActiveCfg = Release|Any CPU
		{C4436B6E-4168-402E-856F-084BB424AC5A}.Release|x86.Build.0 = Release|Any CPU
		{54955975-6535-47F6-8624-A3D9F761E9B4}.Debug|Any CPU.ActiveCfg = Debug|Any CPU
		{54955975-6535-47F6-8624-A3D9F761E9B4}.Debug|Any CPU.Build.0 = Debug|Any CPU
		{54955975-6535-47F6-8624-A3D9F761E9B4}.Debug|x64.ActiveCfg = Debug|Any CPU
		{54955975-6535-47F6-8624-A3D9F761E9B4}.Debug|x64.Build.0 = Debug|Any CPU
		{54955975-6535-47F6-8624-A3D9F761E9B4}.Debug|x86.ActiveCfg = Debug|Any CPU
		{54955975-6535-47F6-8624-A3D9F761E9B4}.Debug|x86.Build.0 = Debug|Any CPU
		{54955975-6535-47F6-8624-A3D9F761E9B4}.Release|Any CPU.ActiveCfg = Release|Any CPU
		{54955975-6535-47F6-8624-A3D9F761E9B4}.Release|Any CPU.Build.0 = Release|Any CPU
		{54955975-6535-47F6-8624-A3D9F761E9B4}.Release|x64.ActiveCfg = Release|Any CPU
		{54955975-6535-47F6-8624-A3D9F761E9B4}.Release|x64.Build.0 = Release|Any CPU
		{54955975-6535-47F6-8624-A3D9F761E9B4}.Release|x86.ActiveCfg = Release|Any CPU
		{54955975-6535-47F6-8624-A3D9F761E9B4}.Release|x86.Build.0 = Release|Any CPU
	EndGlobalSection
	GlobalSection(SolutionProperties) = preSolution
		HideSolutionNode = FALSE
	EndGlobalSection
	GlobalSection(NestedProjects) = preSolution
		{90298CBA-BD6F-3A0A-69D5-97CAD7B05E7E} = {827E0CD3-B72D-47B6-A68D-7590B98EB39B}
		{29198B4F-BA60-D483-6723-7BD064451595} = {90298CBA-BD6F-3A0A-69D5-97CAD7B05E7E}
		{C8EFBD4A-F1B0-4AF5-A323-CFA7C13C0F3C} = {29198B4F-BA60-D483-6723-7BD064451595}
		{75A292F1-C2F4-400E-A984-02FACF80352E} = {29198B4F-BA60-D483-6723-7BD064451595}
		{169CEA86-18EA-4090-AFF9-A837E65CE9BA} = {29198B4F-BA60-D483-6723-7BD064451595}
		{C4881352-DC2E-4258-B702-E3C0B073FCCA} = {29198B4F-BA60-D483-6723-7BD064451595}
		{7C007D49-C551-45F5-996E-106C422CCC82} = {29198B4F-BA60-D483-6723-7BD064451595}
		{9668A656-BDFD-4447-A2FD-B62AD0D3B368} = {29198B4F-BA60-D483-6723-7BD064451595}
		{EC447DCF-ABFA-6E24-52A5-D7FD48A5C558} = {827E0CD3-B72D-47B6-A68D-7590B98EB39B}
		{D1CD33B3-D4F2-F9A0-BD4D-17E6B1FCE9BC} = {EC447DCF-ABFA-6E24-52A5-D7FD48A5C558}
		{65B650AC-CA65-082F-2D97-1FCFD82A512C} = {D1CD33B3-D4F2-F9A0-BD4D-17E6B1FCE9BC}
		{EA3F0DD8-8A08-4848-AB93-F8497E8A605B} = {65B650AC-CA65-082F-2D97-1FCFD82A512C}
		{A9389BF4-E8A0-4039-BF78-88180D772178} = {65B650AC-CA65-082F-2D97-1FCFD82A512C}
		{C4436B6E-4168-402E-856F-084BB424AC5A} = {65B650AC-CA65-082F-2D97-1FCFD82A512C}
		{54955975-6535-47F6-8624-A3D9F761E9B4} = {65B650AC-CA65-082F-2D97-1FCFD82A512C}
	EndGlobalSection
EndGlobal
